
Microsoft Visual Studio Solution File, Format Version 12.00
# Visual Studio Version 17
VisualStudioVersion = 17.12.35707.178
MinimumVisualStudioVersion = 10.0.40219.1
Project("{FAE04EC0-301F-11D3-BF4B-00C04F79EFBC}") = "UoW-API", "UoW-API.csproj", "{1F1EBFCB-BC1E-44CA-80E1-B6C617CC61EA}"
EndProject
Project("{FAE04EC0-301F-11D3-BF4B-00C04F79EFBC}") = "UoW-API.Repositories", "..\UoW-API.Repositories\UoW-API.Repositories.csproj", "{01812C9A-198D-4A6C-B56F-820122E18F36}"
EndProject
Global
	GlobalSection(SolutionConfigurationPlatforms) = preSolution
		Debug|Any CPU = Debug|Any CPU
		Release|Any CPU = Release|Any CPU
	EndGlobalSection
	GlobalSection(ProjectConfigurationPlatforms) = postSolution
		{1F1EBFCB-BC1E-44CA-80E1-B6C617CC61EA}.Debug|Any CPU.ActiveCfg = Debug|Any CPU
		{1F1EBFCB-BC1E-44CA-80E1-B6C617CC61EA}.Debug|Any CPU.Build.0 = Debug|Any CPU
		{1F1EBFCB-BC1E-44CA-80E1-B6C617CC61EA}.Release|Any CPU.ActiveCfg = Release|Any CPU
		{1F1EBFCB-BC1E-44CA-80E1-B6C617CC61EA}.Release|Any CPU.Build.0 = Release|Any CPU
		{01812C9A-198D-4A6C-B56F-820122E18F36}.Debug|Any CPU.ActiveCfg = Debug|Any CPU
		{01812C9A-198D-4A6C-B56F-820122E18F36}.Debug|Any CPU.Build.0 = Debug|Any CPU
		{01812C9A-198D-4A6C-B56F-820122E18F36}.Release|Any CPU.ActiveCfg = Release|Any CPU
		{01812C9A-198D-4A6C-B56F-820122E18F36}.Release|Any CPU.Build.0 = Release|Any CPU
	EndGlobalSection
	GlobalSection(SolutionProperties) = preSolution
		HideSolutionNode = FALSE
	EndGlobalSection
EndGlobal
